
Microsoft Visual Studio Solution File, Format Version 12.00
# Visual Studio 15
VisualStudioVersion = 15.0.28010.2048
MinimumVisualStudioVersion = 10.0.40219.1
Project("{FAE04EC0-301F-11D3-BF4B-00C04F79EFBC}") = "OTEL", "OTEL\OTEL.csproj", "{46F796E9-3AE8-4B82-900B-F340081AFD7A}"
EndProject
Global
	GlobalSection(SolutionConfigurationPlatforms) = preSolution
		Debug|Any CPU = Debug|Any CPU
		Release|Any CPU = Release|Any CPU
	EndGlobalSection
	GlobalSection(ProjectConfigurationPlatforms) = postSolution
		{46F796E9-3AE8-4B82-900B-F340081AFD7A}.Debug|Any CPU.ActiveCfg = Debug|Any CPU
		{46F796E9-3AE8-4B82-900B-F340081AFD7A}.Debug|Any CPU.Build.0 = Debug|Any CPU
		{46F796E9-3AE8-4B82-900B-F340081AFD7A}.Release|Any CPU.ActiveCfg = Release|Any CPU
		{46F796E9-3AE8-4B82-900B-F340081AFD7A}.Release|Any CPU.Build.0 = Release|Any CPU
	EndGlobalSection
	GlobalSection(SolutionProperties) = preSolution
		HideSolutionNode = FALSE
	EndGlobalSection
	GlobalSection(ExtensibilityGlobals) = postSolution
		SolutionGuid = {301FC474-2188-4C00-A8A5-E5DFE8F821BC}
	EndGlobalSection
EndGlobal
